
Microsoft Visual Studio Solution File, Format Version 12.00
# Visual Studio Version 16
VisualStudioVersion = 16.0.29215.179
MinimumVisualStudioVersion = 10.0.40219.1
Project("{FAE04EC0-301F-11D3-BF4B-00C04F79EFBC}") = "DockerizedAspNetWebApp", "DockerizedAspNetWebApp\DockerizedAspNetWebApp.csproj", "{EF84E6DB-F2DF-446B-ACC6-14F99EE4F5C7}"
EndProject
Global
	GlobalSection(SolutionConfigurationPlatforms) = preSolution
		Debug|Any CPU = Debug|Any CPU
		Release|Any CPU = Release|Any CPU
	EndGlobalSection
	GlobalSection(ProjectConfigurationPlatforms) = postSolution
		{EF84E6DB-F2DF-446B-ACC6-14F99EE4F5C7}.Debug|Any CPU.ActiveCfg = Debug|Any CPU
		{EF84E6DB-F2DF-446B-ACC6-14F99EE4F5C7}.Debug|Any CPU.Build.0 = Debug|Any CPU
		{EF84E6DB-F2DF-446B-ACC6-14F99EE4F5C7}.Release|Any CPU.ActiveCfg = Release|Any CPU
		{EF84E6DB-F2DF-446B-ACC6-14F99EE4F5C7}.Release|Any CPU.Build.0 = Release|Any CPU
	EndGlobalSection
	GlobalSection(SolutionProperties) = preSolution
		HideSolutionNode = FALSE
	EndGlobalSection
	GlobalSection(ExtensibilityGlobals) = postSolution
		SolutionGuid = {8BB13666-7692-4C15-A452-56129B6ADA80}
	EndGlobalSection
EndGlobal
